// !$*UTF8*$!
{
	archiveVersion = 1;
	classes = {
	};
	objectVersion = 77;
	objects = {

/* Begin PBXBuildFile section */
		0F8ABC5C6989F6938B7C2AC8 /* AuthSessionInfo.swift in Sources */ = {isa = PBXBuildFile; fileRef = BFFD4891FFB5ABA10E9F4803 /* AuthSessionInfo.swift */; };
		1A3983C1117489BFE2D41AB2 /* PTYCommandExecutor.swift in Sources */ = {isa = PBXBuildFile; fileRef = 51191B240221F63E26B160D3 /* PTYCommandExecutor.swift */; };
		23E84AE16A8611D13240BA07 /* PTYCommandExecutorTests.swift in Sources */ = {isa = PBXBuildFile; fileRef = 69A6D62DF58A854CA768102C /* PTYCommandExecutorTests.swift */; };
		26BDB57560F32C3040FD6DFF /* TerminalTranscriptStore.swift in Sources */ = {isa = PBXBuildFile; fileRef = E5123725734F23144E3F7AC4 /* TerminalTranscriptStore.swift */; };
		4A069B133E32B97B1F1E63E4 /* AuthSessionReaderTests.swift in Sources */ = {isa = PBXBuildFile; fileRef = 983C0CB14AD9D1FE4EBFC8AB /* AuthSessionReaderTests.swift */; };
		4A7AF25780163109DC31C9E8 /* CommandRunner.swift in Sources */ = {isa = PBXBuildFile; fileRef = 11797A4A989985FF7D0DA970 /* CommandRunner.swift */; };
		4B4AA638B42AE417A2EE4881 /* ExecutableResolver.swift in Sources */ = {isa = PBXBuildFile; fileRef = 44C71FFA15EF5A1825E9E5F6 /* ExecutableResolver.swift */; };
		682619D255D79A8BE6F3D7F4 /* AuthSessionReader.swift in Sources */ = {isa = PBXBuildFile; fileRef = E7E2B049F896C1052E012050 /* AuthSessionReader.swift */; };
		6AFD586C07FCEA659E8F1465 /* CommandDefinition.swift in Sources */ = {isa = PBXBuildFile; fileRef = F4602C757D47221DDA6F4665 /* CommandDefinition.swift */; };
		6B3607C672A93BB35C7CC80A /* ExecutableResolverTests.swift in Sources */ = {isa = PBXBuildFile; fileRef = 632A50936F0255589D25B147 /* ExecutableResolverTests.swift */; };
		73E0E557AE4C4776C928C27C /* CommandRailView.swift in Sources */ = {isa = PBXBuildFile; fileRef = 08F2A55C3D82B11F0E16C4FC /* CommandRailView.swift */; };
		7C791EC191CD4935F2F57B0A /* CodexResourceSettingsView.swift in Sources */ = {isa = PBXBuildFile; fileRef = 5CA51A39A20757B222218C56 /* CodexResourceSettingsView.swift */; };
		858364C05355AD05DC3DEEEB /* AuthSessionMonitorTests.swift in Sources */ = {isa = PBXBuildFile; fileRef = 4AA5871277FF0640BA51432E /* AuthSessionMonitorTests.swift */; };
		92649FE29AFC13204B561074 /* ShellQuoting.swift in Sources */ = {isa = PBXBuildFile; fileRef = 661229301A238C2F8486A389 /* ShellQuoting.swift */; };
		A5422C94EB4448C3DC9CD280 /* TerminalPanelView.swift in Sources */ = {isa = PBXBuildFile; fileRef = A903DED5EF172A22EB2B2721 /* TerminalPanelView.swift */; };
		B04D8E95CBE60C86C731168F /* ZshCodexAuthHelperApp.swift in Sources */ = {isa = PBXBuildFile; fileRef = F07B52C7F5A53D4B31AF7D71 /* ZshCodexAuthHelperApp.swift */; };
		B33535230E58BA682B6CAC45 /* CodexCommandFactory.swift in Sources */ = {isa = PBXBuildFile; fileRef = 1D8A3DEDE663F4C10DAA844D /* CodexCommandFactory.swift */; };
		B84089EF039198981D2277B0 /* CodexCommandFactoryTests.swift in Sources */ = {isa = PBXBuildFile; fileRef = D175398EB67CF52AA1C2E1B9 /* CodexCommandFactoryTests.swift */; };
		B8EBB0C7B4201D791288BAAB /* ThemeTokens.swift in Sources */ = {isa = PBXBuildFile; fileRef = A59C1EF5C362597F8F7BB050 /* ThemeTokens.swift */; };
		BB889AB23526CF4728458294 /* ContentView.swift in Sources */ = {isa = PBXBuildFile; fileRef = 3D84A27A5ADC9BC7C32ECA23 /* ContentView.swift */; };
		CF7CAB37E94246911A8ACFD8 /* CodexResourceSettings.swift in Sources */ = {isa = PBXBuildFile; fileRef = 7A66138C049E9A700DDAE935 /* CodexResourceSettings.swift */; };
		F1AA5F3E82D8639A1374F0A9 /* AuthSessionMonitor.swift in Sources */ = {isa = PBXBuildFile; fileRef = A107D2BD05678005E4D48D02 /* AuthSessionMonitor.swift */; };
/* End PBXBuildFile section */

/* Begin PBXContainerItemProxy section */
		D0B2F0CDB3F5489CF47743A2 /* PBXContainerItemProxy */ = {
			isa = PBXContainerItemProxy;
			containerPortal = 3E708AEA411716B45EE7975B /* Project object */;
			proxyType = 1;
			remoteGlobalIDString = 38E23A5874AFCB0792B628CD;
			remoteInfo = ZshCodexAuthHelper;
		};
/* End PBXContainerItemProxy section */

/* Begin PBXFileReference section */
		08F2A55C3D82B11F0E16C4FC /* CommandRailView.swift */ = {isa = PBXFileReference; lastKnownFileType = sourcecode.swift; path = CommandRailView.swift; sourceTree = "<group>"; };
		11797A4A989985FF7D0DA970 /* CommandRunner.swift */ = {isa = PBXFileReference; lastKnownFileType = sourcecode.swift; path = CommandRunner.swift; sourceTree = "<group>"; };
		1D8A3DEDE663F4C10DAA844D /* CodexCommandFactory.swift */ = {isa = PBXFileReference; lastKnownFileType = sourcecode.swift; path = CodexCommandFactory.swift; sourceTree = "<group>"; };
		2DCF119C9C10C7BC8F7D479E /* ZshCodexAuthHelper.app */ = {isa = PBXFileReference; explicitFileType = wrapper.application; includeInIndex = 0; path = ZshCodexAuthHelper.app; sourceTree = BUILT_PRODUCTS_DIR; };
		3D84A27A5ADC9BC7C32ECA23 /* ContentView.swift */ = {isa = PBXFileReference; lastKnownFileType = sourcecode.swift; path = ContentView.swift; sourceTree = "<group>"; };
		44C71FFA15EF5A1825E9E5F6 /* ExecutableResolver.swift */ = {isa = PBXFileReference; lastKnownFileType = sourcecode.swift; path = ExecutableResolver.swift; sourceTree = "<group>"; };
		4AA5871277FF0640BA51432E /* AuthSessionMonitorTests.swift */ = {isa = PBXFileReference; lastKnownFileType = sourcecode.swift; path = AuthSessionMonitorTests.swift; sourceTree = "<group>"; };
		51191B240221F63E26B160D3 /* PTYCommandExecutor.swift */ = {isa = PBXFileReference; lastKnownFileType = sourcecode.swift; path = PTYCommandExecutor.swift; sourceTree = "<group>"; };
		5CA51A39A20757B222218C56 /* CodexResourceSettingsView.swift */ = {isa = PBXFileReference; lastKnownFileType = sourcecode.swift; path = CodexResourceSettingsView.swift; sourceTree = "<group>"; };
		632A50936F0255589D25B147 /* ExecutableResolverTests.swift */ = {isa = PBXFileReference; lastKnownFileType = sourcecode.swift; path = ExecutableResolverTests.swift; sourceTree = "<group>"; };
		661229301A238C2F8486A389 /* ShellQuoting.swift */ = {isa = PBXFileReference; lastKnownFileType = sourcecode.swift; path = ShellQuoting.swift; sourceTree = "<group>"; };
		69A6D62DF58A854CA768102C /* PTYCommandExecutorTests.swift */ = {isa = PBXFileReference; lastKnownFileType = sourcecode.swift; path = PTYCommandExecutorTests.swift; sourceTree = "<group>"; };
		7A66138C049E9A700DDAE935 /* CodexResourceSettings.swift */ = {isa = PBXFileReference; lastKnownFileType = sourcecode.swift; path = CodexResourceSettings.swift; sourceTree = "<group>"; };
		983C0CB14AD9D1FE4EBFC8AB /* AuthSessionReaderTests.swift */ = {isa = PBXFileReference; lastKnownFileType = sourcecode.swift; path = AuthSessionReaderTests.swift; sourceTree = "<group>"; };
		A107D2BD05678005E4D48D02 /* AuthSessionMonitor.swift */ = {isa = PBXFileReference; lastKnownFileType = sourcecode.swift; path = AuthSessionMonitor.swift; sourceTree = "<group>"; };
		A59C1EF5C362597F8F7BB050 /* ThemeTokens.swift */ = {isa = PBXFileReference; lastKnownFileType = sourcecode.swift; path = ThemeTokens.swift; sourceTree = "<group>"; };
		A903DED5EF172A22EB2B2721 /* TerminalPanelView.swift */ = {isa = PBXFileReference; lastKnownFileType = sourcecode.swift; path = TerminalPanelView.swift; sourceTree = "<group>"; };
		BF4D10AAAF431EED38FE7D7C /* ZshCodexAuthHelperTests.xctest */ = {isa = PBXFileReference; explicitFileType = wrapper.cfbundle; includeInIndex = 0; path = ZshCodexAuthHelperTests.xctest; sourceTree = BUILT_PRODUCTS_DIR; };
		BFFD4891FFB5ABA10E9F4803 /* AuthSessionInfo.swift */ = {isa = PBXFileReference; lastKnownFileType = sourcecode.swift; path = AuthSessionInfo.swift; sourceTree = "<group>"; };
		D175398EB67CF52AA1C2E1B9 /* CodexCommandFactoryTests.swift */ = {isa = PBXFileReference; lastKnownFileType = sourcecode.swift; path = CodexCommandFactoryTests.swift; sourceTree = "<group>"; };
		E5123725734F23144E3F7AC4 /* TerminalTranscriptStore.swift */ = {isa = PBXFileReference; lastKnownFileType = sourcecode.swift; path = TerminalTranscriptStore.swift; sourceTree = "<group>"; };
		E7E2B049F896C1052E012050 /* AuthSessionReader.swift */ = {isa = PBXFileReference; lastKnownFileType = sourcecode.swift; path = AuthSessionReader.swift; sourceTree = "<group>"; };
		F07B52C7F5A53D4B31AF7D71 /* ZshCodexAuthHelperApp.swift */ = {isa = PBXFileReference; lastKnownFileType = sourcecode.swift; path = ZshCodexAuthHelperApp.swift; sourceTree = "<group>"; };
		F4602C757D47221DDA6F4665 /* CommandDefinition.swift */ = {isa = PBXFileReference; lastKnownFileType = sourcecode.swift; path = CommandDefinition.swift; sourceTree = "<group>"; };
/* End PBXFileReference section */

/* Begin PBXGroup section */
		268C85BB0F0064185F81CD01 /* ZshCodexAuthHelperTests */ = {
			isa = PBXGroup;
			children = (
				7FDF3DAB196F7C599405B2BD /* Services */,
				BC2C63F583829BF151034F26 /* Stores */,
			);
			path = ZshCodexAuthHelperTests;
			sourceTree = "<group>";
		};
		389964714F7070105421919F /* Stores */ = {
			isa = PBXGroup;
			children = (
				A107D2BD05678005E4D48D02 /* AuthSessionMonitor.swift */,
				11797A4A989985FF7D0DA970 /* CommandRunner.swift */,
				E5123725734F23144E3F7AC4 /* TerminalTranscriptStore.swift */,
			);
			path = Stores;
			sourceTree = "<group>";
		};
		45210480DD3D2840660ADAA2 /* Views */ = {
			isa = PBXGroup;
			children = (
				5CA51A39A20757B222218C56 /* CodexResourceSettingsView.swift */,
				08F2A55C3D82B11F0E16C4FC /* CommandRailView.swift */,
				3D84A27A5ADC9BC7C32ECA23 /* ContentView.swift */,
				A903DED5EF172A22EB2B2721 /* TerminalPanelView.swift */,
			);
			path = Views;
			sourceTree = "<group>";
		};
		63B815F98EE2B35656540B1A /* Services */ = {
			isa = PBXGroup;
			children = (
				E7E2B049F896C1052E012050 /* AuthSessionReader.swift */,
				1D8A3DEDE663F4C10DAA844D /* CodexCommandFactory.swift */,
				44C71FFA15EF5A1825E9E5F6 /* ExecutableResolver.swift */,
				51191B240221F63E26B160D3 /* PTYCommandExecutor.swift */,
			);
			path = Services;
			sourceTree = "<group>";
		};
		7FDF3DAB196F7C599405B2BD /* Services */ = {
			isa = PBXGroup;
			children = (
				983C0CB14AD9D1FE4EBFC8AB /* AuthSessionReaderTests.swift */,
				D175398EB67CF52AA1C2E1B9 /* CodexCommandFactoryTests.swift */,
				632A50936F0255589D25B147 /* ExecutableResolverTests.swift */,
				69A6D62DF58A854CA768102C /* PTYCommandExecutorTests.swift */,
			);
			path = Services;
			sourceTree = "<group>";
		};
		8EA1BEEAA0A034005677CDF4 /* Products */ = {
			isa = PBXGroup;
			children = (
				2DCF119C9C10C7BC8F7D479E /* ZshCodexAuthHelper.app */,
				BF4D10AAAF431EED38FE7D7C /* ZshCodexAuthHelperTests.xctest */,
			);
			name = Products;
			sourceTree = "<group>";
		};
		BC2C63F583829BF151034F26 /* Stores */ = {
			isa = PBXGroup;
			children = (
				4AA5871277FF0640BA51432E /* AuthSessionMonitorTests.swift */,
			);
			path = Stores;
			sourceTree = "<group>";
		};
		CB22A2B053488DFC93AC8826 /* Models */ = {
			isa = PBXGroup;
			children = (
				BFFD4891FFB5ABA10E9F4803 /* AuthSessionInfo.swift */,
				F4602C757D47221DDA6F4665 /* CommandDefinition.swift */,
			);
			path = Models;
			sourceTree = "<group>";
		};
		D49585D1BB73A5A4B2447F67 /* ZshCodexAuthHelper */ = {
			isa = PBXGroup;
			children = (
				E86829508EF2F9796D0CBFC6 /* App */,
				CB22A2B053488DFC93AC8826 /* Models */,
				63B815F98EE2B35656540B1A /* Services */,
				389964714F7070105421919F /* Stores */,
				F2F5EAEB0EEC6AC190584870 /* Support */,
				45210480DD3D2840660ADAA2 /* Views */,
			);
			path = ZshCodexAuthHelper;
			sourceTree = "<group>";
		};
		D885D29ED55B2C5C3FEF9CE8 = {
			isa = PBXGroup;
			children = (
				D49585D1BB73A5A4B2447F67 /* ZshCodexAuthHelper */,
				268C85BB0F0064185F81CD01 /* ZshCodexAuthHelperTests */,
				8EA1BEEAA0A034005677CDF4 /* Products */,
			);
			sourceTree = "<group>";
		};
		E86829508EF2F9796D0CBFC6 /* App */ = {
			isa = PBXGroup;
			children = (
				F07B52C7F5A53D4B31AF7D71 /* ZshCodexAuthHelperApp.swift */,
			);
			path = App;
			sourceTree = "<group>";
		};
		F2F5EAEB0EEC6AC190584870 /* Support */ = {
			isa = PBXGroup;
			children = (
				7A66138C049E9A700DDAE935 /* CodexResourceSettings.swift */,
				661229301A238C2F8486A389 /* ShellQuoting.swift */,
				A59C1EF5C362597F8F7BB050 /* ThemeTokens.swift */,
			);
			path = Support;
			sourceTree = "<group>";
		};
/* End PBXGroup section */

/* Begin PBXNativeTarget section */
		38E23A5874AFCB0792B628CD /* ZshCodexAuthHelper */ = {
			isa = PBXNativeTarget;
			buildConfigurationList = F9A3C07435F816316B591ACD /* Build configuration list for PBXNativeTarget "ZshCodexAuthHelper" */;
			buildPhases = (
				BE9890700C3C81E5A011045C /* Sources */,
			);
			buildRules = (
			);
			dependencies = (
			);
			name = ZshCodexAuthHelper;
			packageProductDependencies = (
			);
			productName = ZshCodexAuthHelper;
			productReference = 2DCF119C9C10C7BC8F7D479E /* ZshCodexAuthHelper.app */;
			productType = "com.apple.product-type.application";
		};
		4916CA58FDD7A7D1A189567A /* ZshCodexAuthHelperTests */ = {
			isa = PBXNativeTarget;
			buildConfigurationList = 5790319EF88408EA5C7CC684 /* Build configuration list for PBXNativeTarget "ZshCodexAuthHelperTests" */;
			buildPhases = (
				AB2FCE10B0079C97A643C7EB /* Sources */,
			);
			buildRules = (
			);
			dependencies = (
				AACA4CC6552C1015CE6A3ED7 /* PBXTargetDependency */,
			);
			name = ZshCodexAuthHelperTests;
			packageProductDependencies = (
			);
			productName = ZshCodexAuthHelperTests;
			productReference = BF4D10AAAF431EED38FE7D7C /* ZshCodexAuthHelperTests.xctest */;
			productType = "com.apple.product-type.bundle.unit-test";
		};
/* End PBXNativeTarget section */

/* Begin PBXProject section */
		3E708AEA411716B45EE7975B /* Project object */ = {
			isa = PBXProject;
			attributes = {
				BuildIndependentTargetsInParallel = YES;
				LastUpgradeCheck = 2600;
				TargetAttributes = {
					38E23A5874AFCB0792B628CD = {
						DevelopmentTeam = "";
					};
					4916CA58FDD7A7D1A189567A = {
						DevelopmentTeam = "";
					};
				};
			};
			buildConfigurationList = E92386691410CFB0DF84412A /* Build configuration list for PBXProject "ZshCodexAuthHelper" */;
			compatibilityVersion = "Xcode 14.0";
			developmentRegion = en;
			hasScannedForEncodings = 0;
			knownRegions = (
				Base,
				en,
			);
			mainGroup = D885D29ED55B2C5C3FEF9CE8;
			minimizedProjectReferenceProxies = 1;
			preferredProjectObjectVersion = 77;
			projectDirPath = "";
			projectRoot = "";
			targets = (
				38E23A5874AFCB0792B628CD /* ZshCodexAuthHelper */,
				4916CA58FDD7A7D1A189567A /* ZshCodexAuthHelperTests */,
			);
		};
/* End PBXProject section */

/* Begin PBXSourcesBuildPhase section */
		AB2FCE10B0079C97A643C7EB /* Sources */ = {
			isa = PBXSourcesBuildPhase;
			buildActionMask = 2147483647;
			files = (
				858364C05355AD05DC3DEEEB /* AuthSessionMonitorTests.swift in Sources */,
				4A069B133E32B97B1F1E63E4 /* AuthSessionReaderTests.swift in Sources */,
				B84089EF039198981D2277B0 /* CodexCommandFactoryTests.swift in Sources */,
				6B3607C672A93BB35C7CC80A /* ExecutableResolverTests.swift in Sources */,
				23E84AE16A8611D13240BA07 /* PTYCommandExecutorTests.swift in Sources */,
			);
			runOnlyForDeploymentPostprocessing = 0;
		};
		BE9890700C3C81E5A011045C /* Sources */ = {
			isa = PBXSourcesBuildPhase;
			buildActionMask = 2147483647;
			files = (
				0F8ABC5C6989F6938B7C2AC8 /* AuthSessionInfo.swift in Sources */,
				F1AA5F3E82D8639A1374F0A9 /* AuthSessionMonitor.swift in Sources */,
				682619D255D79A8BE6F3D7F4 /* AuthSessionReader.swift in Sources */,
				B33535230E58BA682B6CAC45 /* CodexCommandFactory.swift in Sources */,
				CF7CAB37E94246911A8ACFD8 /* CodexResourceSettings.swift in Sources */,
				7C791EC191CD4935F2F57B0A /* CodexResourceSettingsView.swift in Sources */,
				6AFD586C07FCEA659E8F1465 /* CommandDefinition.swift in Sources */,
				73E0E557AE4C4776C928C27C /* CommandRailView.swift in Sources */,
				4A7AF25780163109DC31C9E8 /* CommandRunner.swift in Sources */,
				BB889AB23526CF4728458294 /* ContentView.swift in Sources */,
				4B4AA638B42AE417A2EE4881 /* ExecutableResolver.swift in Sources */,
				1A3983C1117489BFE2D41AB2 /* PTYCommandExecutor.swift in Sources */,
				92649FE29AFC13204B561074 /* ShellQuoting.swift in Sources */,
				A5422C94EB4448C3DC9CD280 /* TerminalPanelView.swift in Sources */,
				26BDB57560F32C3040FD6DFF /* TerminalTranscriptStore.swift in Sources */,
				B8EBB0C7B4201D791288BAAB /* ThemeTokens.swift in Sources */,
				B04D8E95CBE60C86C731168F /* ZshCodexAuthHelperApp.swift in Sources */,
			);
			runOnlyForDeploymentPostprocessing = 0;
		};
/* End PBXSourcesBuildPhase section */

/* Begin PBXTargetDependency section */
		AACA4CC6552C1015CE6A3ED7 /* PBXTargetDependency */ = {
			isa = PBXTargetDependency;
			target = 38E23A5874AFCB0792B628CD /* ZshCodexAuthHelper */;
			targetProxy = D0B2F0CDB3F5489CF47743A2 /* PBXContainerItemProxy */;
		};
/* End PBXTargetDependency section */

/* Begin XCBuildConfiguration section */
		17BD2BBF6244D51D936A702F /* Release */ = {
			isa = XCBuildConfiguration;
			buildSettings = {
				ASSETCATALOG_COMPILER_APPICON_NAME = AppIcon;
				CODE_SIGNING_ALLOWED = NO;
				COMBINE_HIDPI_IMAGES = YES;
				ENABLE_HARDENED_RUNTIME = NO;
				ENABLE_TESTABILITY = YES;
				GENERATE_INFOPLIST_FILE = YES;
				INFOPLIST_KEY_CFBundleDisplayName = "Codex Auth Helper";
				INFOPLIST_KEY_CFBundleName = "Codex Auth Helper";
				INFOPLIST_KEY_LSApplicationCategoryType = "public.app-category.developer-tools";
				INFOPLIST_KEY_NSHumanReadableCopyright = "";
				LD_RUNPATH_SEARCH_PATHS = (
					"$(inherited)",
					"@executable_path/../Frameworks",
				);
				MACOSX_DEPLOYMENT_TARGET = 26.0;
				PRODUCT_BUNDLE_IDENTIFIER = "com.linda.zsh-codexauth-helper";
				PRODUCT_NAME = ZshCodexAuthHelper;
				SDKROOT = macosx;
			};
			name = Release;
		};
		58FA16D90BD4AFB32B98C18C /* Debug */ = {
			isa = XCBuildConfiguration;
			buildSettings = {
				BUNDLE_LOADER = "$(TEST_HOST)";
				COMBINE_HIDPI_IMAGES = YES;
				GENERATE_INFOPLIST_FILE = YES;
				LD_RUNPATH_SEARCH_PATHS = (
					"$(inherited)",
					"@executable_path/../Frameworks",
					"@loader_path/../Frameworks",
				);
				MACOSX_DEPLOYMENT_TARGET = 26.0;
				PRODUCT_BUNDLE_IDENTIFIER = "com.linda.zsh-codexauth-helper.tests";
				SDKROOT = macosx;
				TEST_HOST = "$(BUILT_PRODUCTS_DIR)/ZshCodexAuthHelper.app/Contents/MacOS/ZshCodexAuthHelper";
			};
			name = Debug;
		};
		6AE378A90B3EC77131C5EBA0 /* Debug */ = {
			isa = XCBuildConfiguration;
			buildSettings = {
				ASSETCATALOG_COMPILER_APPICON_NAME = AppIcon;
				CODE_SIGNING_ALLOWED = NO;
				COMBINE_HIDPI_IMAGES = YES;
				ENABLE_HARDENED_RUNTIME = NO;
				ENABLE_TESTABILITY = YES;
				GENERATE_INFOPLIST_FILE = YES;
				INFOPLIST_KEY_CFBundleDisplayName = "Codex Auth Helper";
				INFOPLIST_KEY_CFBundleName = "Codex Auth Helper";
				INFOPLIST_KEY_LSApplicationCategoryType = "public.app-category.developer-tools";
				INFOPLIST_KEY_NSHumanReadableCopyright = "";
				LD_RUNPATH_SEARCH_PATHS = (
					"$(inherited)",
					"@executable_path/../Frameworks",
				);
				MACOSX_DEPLOYMENT_TARGET = 26.0;
				PRODUCT_BUNDLE_IDENTIFIER = "com.linda.zsh-codexauth-helper";
				PRODUCT_NAME = ZshCodexAuthHelper;
				SDKROOT = macosx;
			};
			name = Debug;
		};
		6ECEACAA650C30B4345AEC27 /* Release */ = {
			isa = XCBuildConfiguration;
			buildSettings = {
				BUNDLE_LOADER = "$(TEST_HOST)";
				COMBINE_HIDPI_IMAGES = YES;
				GENERATE_INFOPLIST_FILE = YES;
				LD_RUNPATH_SEARCH_PATHS = (
					"$(inherited)",
					"@executable_path/../Frameworks",
					"@loader_path/../Frameworks",
				);
				MACOSX_DEPLOYMENT_TARGET = 26.0;
				PRODUCT_BUNDLE_IDENTIFIER = "com.linda.zsh-codexauth-helper.tests";
				SDKROOT = macosx;
				TEST_HOST = "$(BUILT_PRODUCTS_DIR)/ZshCodexAuthHelper.app/Contents/MacOS/ZshCodexAuthHelper";
			};
			name = Release;
		};
		C538C52C43869FAD3C87E491 /* Release */ = {
			isa = XCBuildConfiguration;
			buildSettings = {
				ALWAYS_SEARCH_USER_PATHS = NO;
				CLANG_ANALYZER_LOCALIZABILITY_NONLOCALIZED = YES;
				CLANG_ANALYZER_NONNULL = YES;
				CLANG_ANALYZER_NUMBER_OBJECT_CONVERSION = YES_AGGRESSIVE;
				CLANG_CXX_LANGUAGE_STANDARD = "gnu++14";
				CLANG_CXX_LIBRARY = "libc++";
				CLANG_ENABLE_MODULES = YES;
				CLANG_ENABLE_OBJC_ARC = YES;
				CLANG_ENABLE_OBJC_WEAK = YES;
				CLANG_WARN_BLOCK_CAPTURE_AUTORELEASING = YES;
				CLANG_WARN_BOOL_CONVERSION = YES;
				CLANG_WARN_COMMA = YES;
				CLANG_WARN_CONSTANT_CONVERSION = YES;
				CLANG_WARN_DEPRECATED_OBJC_IMPLEMENTATIONS = YES;
				CLANG_WARN_DIRECT_OBJC_ISA_USAGE = YES_ERROR;
				CLANG_WARN_DOCUMENTATION_COMMENTS = YES;
				CLANG_WARN_EMPTY_BODY = YES;
				CLANG_WARN_ENUM_CONVERSION = YES;
				CLANG_WARN_INFINITE_RECURSION = YES;
				CLANG_WARN_INT_CONVERSION = YES;
				CLANG_WARN_NON_LITERAL_NULL_CONVERSION = YES;
				CLANG_WARN_OBJC_IMPLICIT_RETAIN_SELF = YES;
				CLANG_WARN_OBJC_LITERAL_CONVERSION = YES;
				CLANG_WARN_OBJC_ROOT_CLASS = YES_ERROR;
				CLANG_WARN_QUOTED_INCLUDE_IN_FRAMEWORK_HEADER = YES;
				CLANG_WARN_RANGE_LOOP_ANALYSIS = YES;
				CLANG_WARN_STRICT_PROTOTYPES = YES;
				CLANG_WARN_SUSPICIOUS_MOVE = YES;
				CLANG_WARN_UNGUARDED_AVAILABILITY = YES_AGGRESSIVE;
				CLANG_WARN_UNREACHABLE_CODE = YES;
				CLANG_WARN__DUPLICATE_METHOD_MATCH = YES;
				COPY_PHASE_STRIP = NO;
				DEBUG_INFORMATION_FORMAT = "dwarf-with-dsym";
				DEVELOPMENT_TEAM = "";
				ENABLE_NS_ASSERTIONS = NO;
				ENABLE_STRICT_OBJC_MSGSEND = YES;
				ENABLE_USER_SCRIPT_SANDBOXING = NO;
				GCC_C_LANGUAGE_STANDARD = gnu11;
				GCC_NO_COMMON_BLOCKS = YES;
				GCC_WARN_64_TO_32_BIT_CONVERSION = YES;
				GCC_WARN_ABOUT_RETURN_TYPE = YES_ERROR;
				GCC_WARN_UNDECLARED_SELECTOR = YES;
				GCC_WARN_UNINITIALIZED_AUTOS = YES_AGGRESSIVE;
				GCC_WARN_UNUSED_FUNCTION = YES;
				GCC_WARN_UNUSED_VARIABLE = YES;
				MACOSX_DEPLOYMENT_TARGET = 26.0;
				MTL_ENABLE_DEBUG_INFO = NO;
				MTL_FAST_MATH = YES;
				PRODUCT_NAME = "$(TARGET_NAME)";
				SDKROOT = macosx;
				SWIFT_COMPILATION_MODE = wholemodule;
				SWIFT_OPTIMIZATION_LEVEL = "-O";
				SWIFT_VERSION = 5.0;
			};
			name = Release;
		};
		CAB7C49F916D9B25F17F8586 /* Debug */ = {
			isa = XCBuildConfiguration;
			buildSettings = {
				ALWAYS_SEARCH_USER_PATHS = NO;
				CLANG_ANALYZER_LOCALIZABILITY_NONLOCALIZED = YES;
				CLANG_ANALYZER_NONNULL = YES;
				CLANG_ANALYZER_NUMBER_OBJECT_CONVERSION = YES_AGGRESSIVE;
				CLANG_CXX_LANGUAGE_STANDARD = "gnu++14";
				CLANG_CXX_LIBRARY = "libc++";
				CLANG_ENABLE_MODULES = YES;
				CLANG_ENABLE_OBJC_ARC = YES;
				CLANG_ENABLE_OBJC_WEAK = YES;
				CLANG_WARN_BLOCK_CAPTURE_AUTORELEASING = YES;
				CLANG_WARN_BOOL_CONVERSION = YES;
				CLANG_WARN_COMMA = YES;
				CLANG_WARN_CONSTANT_CONVERSION = YES;
				CLANG_WARN_DEPRECATED_OBJC_IMPLEMENTATIONS = YES;
				CLANG_WARN_DIRECT_OBJC_ISA_USAGE = YES_ERROR;
				CLANG_WARN_DOCUMENTATION_COMMENTS = YES;
				CLANG_WARN_EMPTY_BODY = YES;
				CLANG_WARN_ENUM_CONVERSION = YES;
				CLANG_WARN_INFINITE_RECURSION = YES;
				CLANG_WARN_INT_CONVERSION = YES;
				CLANG_WARN_NON_LITERAL_NULL_CONVERSION = YES;
				CLANG_WARN_OBJC_IMPLICIT_RETAIN_SELF = YES;
				CLANG_WARN_OBJC_LITERAL_CONVERSION = YES;
				CLANG_WARN_OBJC_ROOT_CLASS = YES_ERROR;
				CLANG_WARN_QUOTED_INCLUDE_IN_FRAMEWORK_HEADER = YES;
				CLANG_WARN_RANGE_LOOP_ANALYSIS = YES;
				CLANG_WARN_STRICT_PROTOTYPES = YES;
				CLANG_WARN_SUSPICIOUS_MOVE = YES;
				CLANG_WARN_UNGUARDED_AVAILABILITY = YES_AGGRESSIVE;
				CLANG_WARN_UNREACHABLE_CODE = YES;
				CLANG_WARN__DUPLICATE_METHOD_MATCH = YES;
				COPY_PHASE_STRIP = NO;
				DEBUG_INFORMATION_FORMAT = dwarf;
				DEVELOPMENT_TEAM = "";
				ENABLE_STRICT_OBJC_MSGSEND = YES;
				ENABLE_TESTABILITY = YES;
				ENABLE_USER_SCRIPT_SANDBOXING = NO;
				GCC_C_LANGUAGE_STANDARD = gnu11;
				GCC_DYNAMIC_NO_PIC = NO;
				GCC_NO_COMMON_BLOCKS = YES;
				GCC_OPTIMIZATION_LEVEL = 0;
				GCC_PREPROCESSOR_DEFINITIONS = (
					"$(inherited)",
					"DEBUG=1",
				);
				GCC_WARN_64_TO_32_BIT_CONVERSION = YES;
				GCC_WARN_ABOUT_RETURN_TYPE = YES_ERROR;
				GCC_WARN_UNDECLARED_SELECTOR = YES;
				GCC_WARN_UNINITIALIZED_AUTOS = YES_AGGRESSIVE;
				GCC_WARN_UNUSED_FUNCTION = YES;
				GCC_WARN_UNUSED_VARIABLE = YES;
				MACOSX_DEPLOYMENT_TARGET = 26.0;
				MTL_ENABLE_DEBUG_INFO = INCLUDE_SOURCE;
				MTL_FAST_MATH = YES;
				ONLY_ACTIVE_ARCH = YES;
				PRODUCT_NAME = "$(TARGET_NAME)";
				SDKROOT = macosx;
				SWIFT_ACTIVE_COMPILATION_CONDITIONS = DEBUG;
				SWIFT_OPTIMIZATION_LEVEL = "-Onone";
				SWIFT_VERSION = 5.0;
			};
			name = Debug;
		};
/* End XCBuildConfiguration section */

/* Begin XCConfigurationList section */
		5790319EF88408EA5C7CC684 /* Build configuration list for PBXNativeTarget "ZshCodexAuthHelperTests" */ = {
			isa = XCConfigurationList;
			buildConfigurations = (
				58FA16D90BD4AFB32B98C18C /* Debug */,
				6ECEACAA650C30B4345AEC27 /* Release */,
			);
			defaultConfigurationIsVisible = 0;
			defaultConfigurationName = Debug;
		};
		E92386691410CFB0DF84412A /* Build configuration list for PBXProject "ZshCodexAuthHelper" */ = {
			isa = XCConfigurationList;
			buildConfigurations = (
				CAB7C49F916D9B25F17F8586 /* Debug */,
				C538C52C43869FAD3C87E491 /* Release */,
			);
			defaultConfigurationIsVisible = 0;
			defaultConfigurationName = Debug;
		};
		F9A3C07435F816316B591ACD /* Build configuration list for PBXNativeTarget "ZshCodexAuthHelper" */ = {
			isa = XCConfigurationList;
			buildConfigurations = (
				6AE378A90B3EC77131C5EBA0 /* Debug */,
				17BD2BBF6244D51D936A702F /* Release */,
			);
			defaultConfigurationIsVisible = 0;
			defaultConfigurationName = Debug;
		};
/* End XCConfigurationList section */
	};
	rootObject = 3E708AEA411716B45EE7975B /* Project object */;
}
